
Microsoft Visual Studio Solution File, Format Version 12.00
# Visual Studio Version 16
VisualStudioVersion = 16.0.31829.152
MinimumVisualStudioVersion = 10.0.40219.1
Project("{FAE04EC0-301F-11D3-BF4B-00C04F79EFBC}") = "Proyecto", "Proyecto\Proyecto.csproj", "{02C56F85-5C80-46EE-A73D-6D4AB734F57F}"
EndProject
Global
	GlobalSection(SolutionConfigurationPlatforms) = preSolution
		Debug|Any CPU = Debug|Any CPU
		Release|Any CPU = Release|Any CPU
	EndGlobalSection
	GlobalSection(ProjectConfigurationPlatforms) = postSolution
		{02C56F85-5C80-46EE-A73D-6D4AB734F57F}.Debug|Any CPU.ActiveCfg = Debug|Any CPU
		{02C56F85-5C80-46EE-A73D-6D4AB734F57F}.Debug|Any CPU.Build.0 = Debug|Any CPU
		{02C56F85-5C80-46EE-A73D-6D4AB734F57F}.Release|Any CPU.ActiveCfg = Release|Any CPU
		{02C56F85-5C80-46EE-A73D-6D4AB734F57F}.Release|Any CPU.Build.0 = Release|Any CPU
	EndGlobalSection
	GlobalSection(SolutionProperties) = preSolution
		HideSolutionNode = FALSE
	EndGlobalSection
	GlobalSection(ExtensibilityGlobals) = postSolution
		SolutionGuid = {289A6FB9-CB86-41EA-8CCD-60F8A963122A}
	EndGlobalSection
EndGlobal
